// !$*UTF8*$!
{
	archiveVersion = 1;
	classes = {
	};
	objectVersion = 46;
	objects = {

/* Begin PBXBuildFile section */
		65DDA4721DD9C4C1006B08D9 /* AppDelegate.swift in Sources */ = {isa = PBXBuildFile; fileRef = 65DDA4711DD9C4C1006B08D9 /* AppDelegate.swift */; };
		65DDA4741DD9C4C1006B08D9 /* ViewController.swift in Sources */ = {isa = PBXBuildFile; fileRef = 65DDA4731DD9C4C1006B08D9 /* ViewController.swift */; };
		65DDA4771DD9C4C1006B08D9 /* Main.storyboard in Resources */ = {isa = PBXBuildFile; fileRef = 65DDA4751DD9C4C1006B08D9 /* Main.storyboard */; };
		65DDA4791DD9C4C1006B08D9 /* Assets.xcassets in Resources */ = {isa = PBXBuildFile; fileRef = 65DDA4781DD9C4C1006B08D9 /* Assets.xcassets */; };
		65DDA47C1DD9C4C1006B08D9 /* LaunchScreen.storyboard in Resources */ = {isa = PBXBuildFile; fileRef = 65DDA47A1DD9C4C1006B08D9 /* LaunchScreen.storyboard */; };
/* End PBXBuildFile section */

/* Begin PBXFileReference section */
		65DDA46E1DD9C4C1006B08D9 /* SocketExperiment.app */ = {isa = PBXFileReference; explicitFileType = wrapper.application; includeInIndex = 0; path = SocketExperiment.app; sourceTree = BUILT_PRODUCTS_DIR; };
		65DDA4711DD9C4C1006B08D9 /* AppDelegate.swift */ = {isa = PBXFileReference; lastKnownFileType = sourcecode.swift; path = AppDelegate.swift; sourceTree = "<group>"; };
		65DDA4731DD9C4C1006B08D9 /* ViewController.swift */ = {isa = PBXFileReference; lastKnownFileType = sourcecode.swift; path = ViewController.swift; sourceTree = "<group>"; };
		65DDA4761DD9C4C1006B08D9 /* Base */ = {isa = PBXFileReference; lastKnownFileType = file.storyboard; name = Base; path = Base.lproj/Main.storyboard; sourceTree = "<group>"; };
		65DDA4781DD9C4C1006B08D9 /* Assets.xcassets */ = {isa = PBXFileReference; lastKnownFileType = folder.assetcatalog; path = Assets.xcassets; sourceTree = "<group>"; };
		65DDA47B1DD9C4C1006B08D9 /* Base */ = {isa = PBXFileReference; lastKnownFileType = file.storyboard; name = Base; path = Base.lproj/LaunchScreen.storyboard; sourceTree = "<group>"; };
		65DDA47D1DD9C4C1006B08D9 /* Info.plist */ = {isa = PBXFileReference; lastKnownFileType = text.plist.xml; path = Info.plist; sourceTree = "<group>"; };
/* End PBXFileReference section */

/* Begin PBXFrameworksBuildPhase section */
		65DDA46B1DD9C4C1006B08D9 /* Frameworks */ = {
			isa = PBXFrameworksBuildPhase;
			buildActionMask = 2147483647;
			files = (
			);
			runOnlyForDeploymentPostprocessing = 0;
		};
/* End PBXFrameworksBuildPhase section */

/* Begin PBXGroup section */
		65DDA4651DD9C4C1006B08D9 = {
			isa = PBXGroup;
			children = (
				65DDA4701DD9C4C1006B08D9 /* SocketExperiment */,
				65DDA46F1DD9C4C1006B08D9 /* Products */,
			);
			sourceTree = "<group>";
		};
		65DDA46F1DD9C4C1006B08D9 /* Products */ = {
			isa = PBXGroup;
			children = (
				65DDA46E1DD9C4C1006B08D9 /* SocketExperiment.app */,
			);
			name = Products;
			sourceTree = "<group>";
		};
		65DDA4701DD9C4C1006B08D9 /* SocketExperiment */ = {
			isa = PBXGroup;
			children = (
				65DDA4711DD9C4C1006B08D9 /* AppDelegate.swift */,
				65DDA4731DD9C4C1006B08D9 /* ViewController.swift */,
				65DDA4751DD9C4C1006B08D9 /* Main.storyboard */,
				65DDA4781DD9C4C1006B08D9 /* Assets.xcassets */,
				65DDA47A1DD9C4C1006B08D9 /* LaunchScreen.storyboard */,
				65DDA47D1DD9C4C1006B08D9 /* Info.plist */,
			);
			path = SocketExperiment;
			sourceTree = "<group>";
		};
/* End PBXGroup section */

/* Begin PBXNativeTarget section */
		65DDA46D1DD9C4C1006B08D9 /* SocketExperiment */ = {
			isa = PBXNativeTarget;
			buildConfigurationList = 65DDA4801DD9C4C1006B08D9 /* Build configuration list for PBXNativeTarget "SocketExperiment" */;
			buildPhases = (
				65DDA46A1DD9C4C1006B08D9 /* Sources */,
				65DDA46B1DD9C4C1006B08D9 /* Frameworks */,
				65DDA46C1DD9C4C1006B08D9 /* Resources */,
			);
			buildRules = (
			);
			dependencies = (
			);
			name = SocketExperiment;
			productName = SocketExperiment;
			productReference = 65DDA46E1DD9C4C1006B08D9 /* SocketExperiment.app */;
			productType = "com.apple.product-type.application";
		};
/* End PBXNativeTarget section */

/* Begin PBXProject section */
		65DDA4661DD9C4C1006B08D9 /* Project object */ = {
			isa = PBXProject;
			attributes = {
				LastSwiftUpdateCheck = 0800;
				LastUpgradeCheck = 0800;
				ORGANIZATIONNAME = "TW-LostSeaWay";
				TargetAttributes = {
					65DDA46D1DD9C4C1006B08D9 = {
						CreatedOnToolsVersion = 8.0;
						DevelopmentTeam = YUV4YJX2TS;
						ProvisioningStyle = Automatic;
					};
				};
			};
			buildConfigurationList = 65DDA4691DD9C4C1006B08D9 /* Build configuration list for PBXProject "SocketExperiment" */;
			compatibilityVersion = "Xcode 3.2";
			developmentRegion = English;
			hasScannedForEncodings = 0;
			knownRegions = (
				en,
				Base,
			);
			mainGroup = 65DDA4651DD9C4C1006B08D9;
			productRefGroup = 65DDA46F1DD9C4C1006B08D9 /* Products */;
			projectDirPath = "";
			projectRoot = "";
			targets = (
				65DDA46D1DD9C4C1006B08D9 /* SocketExperiment */,
			);
		};
/* End PBXProject section */

/* Begin PBXResourcesBuildPhase section */
		65DDA46C1DD9C4C1006B08D9 /* Resources */ = {
			isa = PBXResourcesBuildPhase;
			buildActionMask = 2147483647;
			files = (
				65DDA47C1DD9C4C1006B08D9 /* LaunchScreen.storyboard in Resources */,
				65DDA4791DD9C4C1006B08D9 /* Assets.xcassets in Resources */,
				65DDA4771DD9C4C1006B08D9 /* Main.storyboard in Resources */,
			);
			runOnlyForDeploymentPostprocessing = 0;
		};
/* End PBXResourcesBuildPhase section */

/* Begin PBXSourcesBuildPhase section */
		65DDA46A1DD9C4C1006B08D9 /* Sources */ = {
			isa = PBXSourcesBuildPhase;
			buildActionMask = 2147483647;
			files = (
				65DDA4741DD9C4C1006B08D9 /* ViewController.swift in Sources */,
				65DDA4721DD9C4C1006B08D9 /* AppDelegate.swift in Sources */,
			);
			runOnlyForDeploymentPostprocessing = 0;
		};
/* End PBXSourcesBuildPhase section */

/* Begin PBXVariantGroup section */
		65DDA4751DD9C4C1006B08D9 /* Main.storyboard */ = {
			isa = PBXVariantGroup;
			children = (
				65DDA4761DD9C4C1006B08D9 /* Base */,
			);
			name = Main.storyboard;
			sourceTree = "<group>";
		};
		65DDA47A1DD9C4C1006B08D9 /* LaunchScreen.storyboard */ = {
			isa = PBXVariantGroup;
			children = (
				65DDA47B1DD9C4C1006B08D9 /* Base */,
			);
			name = LaunchScreen.storyboard;
			sourceTree = "<group>";
		};
/* End PBXVariantGroup section */

/* Begin XCBuildConfiguration section */
		65DDA47E1DD9C4C1006B08D9 /* Debug */ = {
			isa = XCBuildConfiguration;
			buildSettings = {
				ALWAYS_SEARCH_USER_PATHS = NO;
				CLANG_ANALYZER_NONNULL = YES;
				CLANG_CXX_LANGUAGE_STANDARD = "gnu++0x";
				CLANG_CXX_LIBRARY = "libc++";
				CLANG_ENABLE_MODULES = YES;
				CLANG_ENABLE_OBJC_ARC = YES;
				CLANG_WARN_BOOL_CONVERSION = YES;
				CLANG_WARN_CONSTANT_CONVERSION = YES;
				CLANG_WARN_DIRECT_OBJC_ISA_USAGE = YES_ERROR;
				CLANG_WARN_DOCUMENTATION_COMMENTS = YES;
				CLANG_WARN_EMPTY_BODY = YES;
				CLANG_WARN_ENUM_CONVERSION = YES;
				CLANG_WARN_INFINITE_RECURSION = YES;
				CLANG_WARN_INT_CONVERSION = YES;
				CLANG_WARN_OBJC_ROOT_CLASS = YES_ERROR;
				CLANG_WARN_SUSPICIOUS_MOVES = YES;
				CLANG_WARN_UNREACHABLE_CODE = YES;
				CLANG_WARN__DUPLICATE_METHOD_MATCH = YES;
				"CODE_SIGN_IDENTITY[sdk=iphoneos*]" = "iPhone Developer";
				COPY_PHASE_STRIP = NO;
				DEBUG_INFORMATION_FORMAT = dwarf;
				ENABLE_STRICT_OBJC_MSGSEND = YES;
				ENABLE_TESTABILITY = YES;
				GCC_C_LANGUAGE_STANDARD = gnu99;
				GCC_DYNAMIC_NO_PIC = NO;
				GCC_NO_COMMON_BLOCKS = YES;
				GCC_OPTIMIZATION_LEVEL = 0;
				GCC_PREPROCESSOR_DEFINITIONS = (
					"DEBUG=1",
					"$(inherited)",
				);
				GCC_WARN_64_TO_32_BIT_CONVERSION = YES;
				GCC_WARN_ABOUT_RETURN_TYPE = YES_ERROR;
				GCC_WARN_UNDECLARED_SELECTOR = YES;
				GCC_WARN_UNINITIALIZED_AUTOS = YES_AGGRESSIVE;
				GCC_WARN_UNUSED_FUNCTION = YES;
				GCC_WARN_UNUSED_VARIABLE = YES;
				IPHONEOS_DEPLOYMENT_TARGET = 10.0;
				MTL_ENABLE_DEBUG_INFO = YES;
				ONLY_ACTIVE_ARCH = YES;
				SDKROOT = iphoneos;
				SWIFT_ACTIVE_COMPILATION_CONDITIONS = DEBUG;
				SWIFT_OPTIMIZATION_LEVEL = "-Onone";
			};
			name = Debug;
		};
		65DDA47F1DD9C4C1006B08D9 /* Release */ = {
			isa = XCBuildConfiguration;
			buildSettings = {
				ALWAYS_SEARCH_USER_PATHS = NO;
				CLANG_ANALYZER_NONNULL = YES;
				CLANG_CXX_LANGUAGE_STANDARD = "gnu++0x";
				CLANG_CXX_LIBRARY = "libc++";
				CLANG_ENABLE_MODULES = YES;
				CLANG_ENABLE_OBJC_ARC = YES;
				CLANG_WARN_BOOL_CONVERSION = YES;
				CLANG_WARN_CONSTANT_CONVERSION = YES;
				CLANG_WARN_DIRECT_OBJC_ISA_USAGE = YES_ERROR;
				CLANG_WARN_DOCUMENTATION_COMMENTS = YES;
				CLANG_WARN_EMPTY_BODY = YES;
				CLANG_WARN_ENUM_CONVERSION = YES;
				CLANG_WARN_INFINITE_RECURSION = YES;
				CLANG_WARN_INT_CONVERSION = YES;
				CLANG_WARN_OBJC_ROOT_CLASS = YES_ERROR;
				CLANG_WARN_SUSPICIOUS_MOVES = YES;
				CLANG_WARN_UNREACHABLE_CODE = YES;
				CLANG_WARN__DUPLICATE_METHOD_MATCH = YES;
				"CODE_SIGN_IDENTITY[sdk=iphoneos*]" = "iPhone Developer";
				COPY_PHASE_STRIP = NO;
				DEBUG_INFORMATION_FORMAT = "dwarf-with-dsym";
				ENABLE_NS_ASSERTIONS = NO;
				ENABLE_STRICT_OBJC_MSGSEND = YES;
				GCC_C_LANGUAGE_STANDARD = gnu99;
				GCC_NO_COMMON_BLOCKS = YES;
				GCC_WARN_64_TO_32_BIT_CONVERSION = YES;
				GCC_WARN_ABOUT_RETURN_TYPE = YES_ERROR;
				GCC_WARN_UNDECLARED_SELECTOR = YES;
				GCC_WARN_UNINITIALIZED_AUTOS = YES_AGGRESSIVE;
				GCC_WARN_UNUSED_FUNCTION = YES;
				GCC_WARN_UNUSED_VARIABLE = YES;
				IPHONEOS_DEPLOYMENT_TARGET = 10.0;
				MTL_ENABLE_DEBUG_INFO = NO;
				SDKROOT = iphoneos;
				SWIFT_OPTIMIZATION_LEVEL = "-Owholemodule";
				VALIDATE_PRODUCT = YES;
			};
			name = Release;
		};
		65DDA4811DD9C4C1006B08D9 /* Debug */ = {
			isa = XCBuildConfiguration;
			buildSettings = {
				ASSETCATALOG_COMPILER_APPICON_NAME = AppIcon;
				DEVELOPMENT_TEAM = YUV4YJX2TS;
				INFOPLIST_FILE = SocketExperiment/Info.plist;
				LD_RUNPATH_SEARCH_PATHS = "$(inherited) @executable_path/Frameworks";
				PRODUCT_BUNDLE_IDENTIFIER = com.lsw.SocketExperiment;
				PRODUCT_NAME = "$(TARGET_NAME)";
				SWIFT_VERSION = 3.0;
			};
			name = Debug;
		};
		65DDA4821DD9C4C1006B08D9 /* Release */ = {
			isa = XCBuildConfiguration;
			buildSettings = {
				ASSETCATALOG_COMPILER_APPICON_NAME = AppIcon;
				DEVELOPMENT_TEAM = YUV4YJX2TS;
				INFOPLIST_FILE = SocketExperiment/Info.plist;
				LD_RUNPATH_SEARCH_PATHS = "$(inherited) @executable_path/Frameworks";
				PRODUCT_BUNDLE_IDENTIFIER = com.lsw.SocketExperiment;
				PRODUCT_NAME = "$(TARGET_NAME)";
				SWIFT_VERSION = 3.0;
			};
			name = Release;
		};
/* End XCBuildConfiguration section */

/* Begin XCConfigurationList section */
		65DDA4691DD9C4C1006B08D9 /* Build configuration list for PBXProject "SocketExperiment" */ = {
			isa = XCConfigurationList;
			buildConfigurations = (
				65DDA47E1DD9C4C1006B08D9 /* Debug */,
				65DDA47F1DD9C4C1006B08D9 /* Release */,
			);
			defaultConfigurationIsVisible = 0;
			defaultConfigurationName = Release;
		};
		65DDA4801DD9C4C1006B08D9 /* Build configuration list for PBXNativeTarget "SocketExperiment" */ = {
			isa = XCConfigurationList;
			buildConfigurations = (
				65DDA4811DD9C4C1006B08D9 /* Debug */,
				65DDA4821DD9C4C1006B08D9 /* Release */,
			);
			defaultConfigurationIsVisible = 0;
		};
/* End XCConfigurationList section */
	};
	rootObject = 65DDA4661DD9C4C1006B08D9 /* Project object */;
}
